
Microsoft Visual Studio Solution File, Format Version 12.00
# Visual Studio Version 17
VisualStudioVersion = 17.7.34018.315
MinimumVisualStudioVersion = 10.0.40219.1
Project("{FAE04EC0-301F-11D3-BF4B-00C04F79EFBC}") = "Servicios_Palomino", "Servicios_Palomino.csproj", "{AD2FD1A7-1DD4-4052-9CF8-8B81244BBE46}"
EndProject
Global
	GlobalSection(SolutionConfigurationPlatforms) = preSolution
		Debug|Any CPU = Debug|Any CPU
		Release|Any CPU = Release|Any CPU
	EndGlobalSection
	GlobalSection(ProjectConfigurationPlatforms) = postSolution
		{AD2FD1A7-1DD4-4052-9CF8-8B81244BBE46}.Debug|Any CPU.ActiveCfg = Debug|Any CPU
		{AD2FD1A7-1DD4-4052-9CF8-8B81244BBE46}.Debug|Any CPU.Build.0 = Debug|Any CPU
		{AD2FD1A7-1DD4-4052-9CF8-8B81244BBE46}.Release|Any CPU.ActiveCfg = Release|Any CPU
		{AD2FD1A7-1DD4-4052-9CF8-8B81244BBE46}.Release|Any CPU.Build.0 = Release|Any CPU
	EndGlobalSection
	GlobalSection(SolutionProperties) = preSolution
		HideSolutionNode = FALSE
	EndGlobalSection
	GlobalSection(ExtensibilityGlobals) = postSolution
		SolutionGuid = {B2CB4A2C-E7FC-4760-96C7-6D8D2420D2D3}
	EndGlobalSection
EndGlobal
